
Microsoft Visual Studio Solution File, Format Version 12.00
# Visual Studio 15
VisualStudioVersion = 15.0.28307.271
MinimumVisualStudioVersion = 10.0.40219.1
Project("{FAE04EC0-301F-11D3-BF4B-00C04F79EFBC}") = "LearningWPF", "LearningWPF\LearningWPF.csproj", "{8D371051-1399-43E2-B386-F1F5969941CF}"
EndProject
Global
	GlobalSection(SolutionConfigurationPlatforms) = preSolution
		Debug|Any CPU = Debug|Any CPU
		Release|Any CPU = Release|Any CPU
	EndGlobalSection
	GlobalSection(ProjectConfigurationPlatforms) = postSolution
		{8D371051-1399-43E2-B386-F1F5969941CF}.Debug|Any CPU.ActiveCfg = Debug|Any CPU
		{8D371051-1399-43E2-B386-F1F5969941CF}.Debug|Any CPU.Build.0 = Debug|Any CPU
		{8D371051-1399-43E2-B386-F1F5969941CF}.Release|Any CPU.ActiveCfg = Release|Any CPU
		{8D371051-1399-43E2-B386-F1F5969941CF}.Release|Any CPU.Build.0 = Release|Any CPU
	EndGlobalSection
	GlobalSection(SolutionProperties) = preSolution
		HideSolutionNode = FALSE
	EndGlobalSection
	GlobalSection(ExtensibilityGlobals) = postSolution
		SolutionGuid = {4B1FE726-3D23-4A4B-BC3C-B6FEF2FF361C}
	EndGlobalSection
EndGlobal
